
Microsoft Visual Studio Solution File, Format Version 12.00
# Visual Studio Version 16
VisualStudioVersion = 16.0.30309.148
MinimumVisualStudioVersion = 10.0.40219.1
Project("{FAE04EC0-301F-11D3-BF4B-00C04F79EFBC}") = "Clock", "Clock\Clock.csproj", "{5358473C-A232-4EBB-A591-AB4BE3108DE9}"
EndProject
Global
	GlobalSection(SolutionConfigurationPlatforms) = preSolution
		Debug|Any CPU = Debug|Any CPU
		Release|Any CPU = Release|Any CPU
	EndGlobalSection
	GlobalSection(ProjectConfigurationPlatforms) = postSolution
		{5358473C-A232-4EBB-A591-AB4BE3108DE9}.Debug|Any CPU.ActiveCfg = Debug|Any CPU
		{5358473C-A232-4EBB-A591-AB4BE3108DE9}.Debug|Any CPU.Build.0 = Debug|Any CPU
		{5358473C-A232-4EBB-A591-AB4BE3108DE9}.Release|Any CPU.ActiveCfg = Release|Any CPU
		{5358473C-A232-4EBB-A591-AB4BE3108DE9}.Release|Any CPU.Build.0 = Release|Any CPU
	EndGlobalSection
	GlobalSection(SolutionProperties) = preSolution
		HideSolutionNode = FALSE
	EndGlobalSection
	GlobalSection(ExtensibilityGlobals) = postSolution
		SolutionGuid = {2E970960-5654-4541-8744-6C291F9AFF09}
	EndGlobalSection
EndGlobal
